
Microsoft Visual Studio Solution File, Format Version 12.00
# Visual Studio Version 17
VisualStudioVersion = 17.6.33606.364
MinimumVisualStudioVersion = 10.0.40219.1
Project("{9A19103F-16F7-4668-BE54-9A1E7A4F7556}") = "Clash.Test", "Clash.Test\Clash.Test.csproj", "{A8FFD92E-70A0-47B6-8D27-693520C68862}"
EndProject
Project("{9A19103F-16F7-4668-BE54-9A1E7A4F7556}") = "Clash.CoreNet", "Clash.CoreNet\Clash.CoreNet.csproj", "{F5C0C0BD-23D7-47E5-9696-ED0AB2C1BE33}"
EndProject
Project("{9A19103F-16F7-4668-BE54-9A1E7A4F7556}") = "ClashNet", "ClashNet\ClashNet.csproj", "{66A0E963-C186-47CD-A85E-7CCA3595D2CE}"
EndProject
Project("{9A19103F-16F7-4668-BE54-9A1E7A4F7556}") = "SimpleUI", "..\ZTest\src\SimpleUI\SimpleUI.csproj", "{1A620E08-8EE6-4B65-9EC5-CD622086B5F2}"
EndProject
Project("{9A19103F-16F7-4668-BE54-9A1E7A4F7556}") = "ZTest.Tools", "..\ZTest\src\ZTest.Tools\ZTest.Tools.csproj", "{5A36015C-97D8-4306-8618-9C96326F6EEB}"
EndProject
Project("{2150E333-8FDC-42A3-9474-1A3956D46DE8}") = "Clash-Setup", "Clash-Setup", "{DE6F7E42-BD17-46C2-A39F-763AC340E5C3}"
EndProject
Global
	GlobalSection(SolutionConfigurationPlatforms) = preSolution
		Debug|Any CPU = Debug|Any CPU
		Debug|ARM64 = Debug|ARM64
		Debug|x64 = Debug|x64
		Debug|x86 = Debug|x86
		Release|Any CPU = Release|Any CPU
		Release|ARM64 = Release|ARM64
		Release|x64 = Release|x64
		Release|x86 = Release|x86
	EndGlobalSection
	GlobalSection(ProjectConfigurationPlatforms) = postSolution
		{A8FFD92E-70A0-47B6-8D27-693520C68862}.Debug|Any CPU.ActiveCfg = Debug|Any CPU
		{A8FFD92E-70A0-47B6-8D27-693520C68862}.Debug|Any CPU.Build.0 = Debug|Any CPU
		{A8FFD92E-70A0-47B6-8D27-693520C68862}.Debug|ARM64.ActiveCfg = Debug|Any CPU
		{A8FFD92E-70A0-47B6-8D27-693520C68862}.Debug|ARM64.Build.0 = Debug|Any CPU
		{A8FFD92E-70A0-47B6-8D27-693520C68862}.Debug|x64.ActiveCfg = Debug|Any CPU
		{A8FFD92E-70A0-47B6-8D27-693520C68862}.Debug|x64.Build.0 = Debug|Any CPU
		{A8FFD92E-70A0-47B6-8D27-693520C68862}.Debug|x86.ActiveCfg = Debug|Any CPU
		{A8FFD92E-70A0-47B6-8D27-693520C68862}.Debug|x86.Build.0 = Debug|Any CPU
		{A8FFD92E-70A0-47B6-8D27-693520C68862}.Release|Any CPU.ActiveCfg = Release|Any CPU
		{A8FFD92E-70A0-47B6-8D27-693520C68862}.Release|Any CPU.Build.0 = Release|Any CPU
		{A8FFD92E-70A0-47B6-8D27-693520C68862}.Release|ARM64.ActiveCfg = Release|Any CPU
		{A8FFD92E-70A0-47B6-8D27-693520C68862}.Release|ARM64.Build.0 = Release|Any CPU
		{A8FFD92E-70A0-47B6-8D27-693520C68862}.Release|x64.ActiveCfg = Release|Any CPU
		{A8FFD92E-70A0-47B6-8D27-693520C68862}.Release|x64.Build.0 = Release|Any CPU
		{A8FFD92E-70A0-47B6-8D27-693520C68862}.Release|x86.ActiveCfg = Release|Any CPU
		{A8FFD92E-70A0-47B6-8D27-693520C68862}.Release|x86.Build.0 = Release|Any CPU
		{F5C0C0BD-23D7-47E5-9696-ED0AB2C1BE33}.Debug|Any CPU.ActiveCfg = Debug|Any CPU
		{F5C0C0BD-23D7-47E5-9696-ED0AB2C1BE33}.Debug|Any CPU.Build.0 = Debug|Any CPU
		{F5C0C0BD-23D7-47E5-9696-ED0AB2C1BE33}.Debug|ARM64.ActiveCfg = Debug|Any CPU
		{F5C0C0BD-23D7-47E5-9696-ED0AB2C1BE33}.Debug|ARM64.Build.0 = Debug|Any CPU
		{F5C0C0BD-23D7-47E5-9696-ED0AB2C1BE33}.Debug|x64.ActiveCfg = Debug|Any CPU
		{F5C0C0BD-23D7-47E5-9696-ED0AB2C1BE33}.Debug|x64.Build.0 = Debug|Any CPU
		{F5C0C0BD-23D7-47E5-9696-ED0AB2C1BE33}.Debug|x86.ActiveCfg = Debug|Any CPU
		{F5C0C0BD-23D7-47E5-9696-ED0AB2C1BE33}.Debug|x86.Build.0 = Debug|Any CPU
		{F5C0C0BD-23D7-47E5-9696-ED0AB2C1BE33}.Release|Any CPU.ActiveCfg = Release|Any CPU
		{F5C0C0BD-23D7-47E5-9696-ED0AB2C1BE33}.Release|Any CPU.Build.0 = Release|Any CPU
		{F5C0C0BD-23D7-47E5-9696-ED0AB2C1BE33}.Release|ARM64.ActiveCfg = Release|Any CPU
		{F5C0C0BD-23D7-47E5-9696-ED0AB2C1BE33}.Release|ARM64.Build.0 = Release|Any CPU
		{F5C0C0BD-23D7-47E5-9696-ED0AB2C1BE33}.Release|x64.ActiveCfg = Release|Any CPU
		{F5C0C0BD-23D7-47E5-9696-ED0AB2C1BE33}.Release|x64.Build.0 = Release|Any CPU
		{F5C0C0BD-23D7-47E5-9696-ED0AB2C1BE33}.Release|x86.ActiveCfg = Release|Any CPU
		{F5C0C0BD-23D7-47E5-9696-ED0AB2C1BE33}.Release|x86.Build.0 = Release|Any CPU
		{66A0E963-C186-47CD-A85E-7CCA3595D2CE}.Debug|Any CPU.ActiveCfg = Debug|Any CPU
		{66A0E963-C186-47CD-A85E-7CCA3595D2CE}.Debug|Any CPU.Build.0 = Debug|Any CPU
		{66A0E963-C186-47CD-A85E-7CCA3595D2CE}.Debug|ARM64.ActiveCfg = Debug|Any CPU
		{66A0E963-C186-47CD-A85E-7CCA3595D2CE}.Debug|ARM64.Build.0 = Debug|Any CPU
		{66A0E963-C186-47CD-A85E-7CCA3595D2CE}.Debug|x64.ActiveCfg = Debug|Any CPU
		{66A0E963-C186-47CD-A85E-7CCA3595D2CE}.Debug|x64.Build.0 = Debug|Any CPU
		{66A0E963-C186-47CD-A85E-7CCA3595D2CE}.Debug|x86.ActiveCfg = Debug|Any CPU
		{66A0E963-C186-47CD-A85E-7CCA3595D2CE}.Debug|x86.Build.0 = Debug|Any CPU
		{66A0E963-C186-47CD-A85E-7CCA3595D2CE}.Release|Any CPU.ActiveCfg = Release|Any CPU
		{66A0E963-C186-47CD-A85E-7CCA3595D2CE}.Release|Any CPU.Build.0 = Release|Any CPU
		{66A0E963-C186-47CD-A85E-7CCA3595D2CE}.Release|ARM64.ActiveCfg = Release|Any CPU
		{66A0E963-C186-47CD-A85E-7CCA3595D2CE}.Release|ARM64.Build.0 = Release|Any CPU
		{66A0E963-C186-47CD-A85E-7CCA3595D2CE}.Release|x64.ActiveCfg = Release|Any CPU
		{66A0E963-C186-47CD-A85E-7CCA3595D2CE}.Release|x64.Build.0 = Release|Any CPU
		{66A0E963-C186-47CD-A85E-7CCA3595D2CE}.Release|x86.ActiveCfg = Release|Any CPU
		{66A0E963-C186-47CD-A85E-7CCA3595D2CE}.Release|x86.Build.0 = Release|Any CPU
		{1A620E08-8EE6-4B65-9EC5-CD622086B5F2}.Debug|Any CPU.ActiveCfg = Debug|Any CPU
		{1A620E08-8EE6-4B65-9EC5-CD622086B5F2}.Debug|Any CPU.Build.0 = Debug|Any CPU
		{1A620E08-8EE6-4B65-9EC5-CD622086B5F2}.Debug|ARM64.ActiveCfg = Debug|Any CPU
		{1A620E08-8EE6-4B65-9EC5-CD622086B5F2}.Debug|ARM64.Build.0 = Debug|Any CPU
		{1A620E08-8EE6-4B65-9EC5-CD622086B5F2}.Debug|x64.ActiveCfg = Debug|Any CPU
		{1A620E08-8EE6-4B65-9EC5-CD622086B5F2}.Debug|x64.Build.0 = Debug|Any CPU
		{1A620E08-8EE6-4B65-9EC5-CD622086B5F2}.Debug|x86.ActiveCfg = Debug|Any CPU
		{1A620E08-8EE6-4B65-9EC5-CD622086B5F2}.Debug|x86.Build.0 = Debug|Any CPU
		{1A620E08-8EE6-4B65-9EC5-CD622086B5F2}.Release|Any CPU.ActiveCfg = Release|Any CPU
		{1A620E08-8EE6-4B65-9EC5-CD622086B5F2}.Release|Any CPU.Build.0 = Release|Any CPU
		{1A620E08-8EE6-4B65-9EC5-CD622086B5F2}.Release|ARM64.ActiveCfg = Release|Any CPU
		{1A620E08-8EE6-4B65-9EC5-CD622086B5F2}.Release|ARM64.Build.0 = Release|Any CPU
		{1A620E08-8EE6-4B65-9EC5-CD622086B5F2}.Release|x64.ActiveCfg = Release|Any CPU
		{1A620E08-8EE6-4B65-9EC5-CD622086B5F2}.Release|x64.Build.0 = Release|Any CPU
		{1A620E08-8EE6-4B65-9EC5-CD622086B5F2}.Release|x86.ActiveCfg = Release|Any CPU
		{1A620E08-8EE6-4B65-9EC5-CD622086B5F2}.Release|x86.Build.0 = Release|Any CPU
		{5A36015C-97D8-4306-8618-9C96326F6EEB}.Debug|Any CPU.ActiveCfg = Debug|Any CPU
		{5A36015C-97D8-4306-8618-9C96326F6EEB}.Debug|Any CPU.Build.0 = Debug|Any CPU
		{5A36015C-97D8-4306-8618-9C96326F6EEB}.Debug|ARM64.ActiveCfg = Debug|Any CPU
		{5A36015C-97D8-4306-8618-9C96326F6EEB}.Debug|ARM64.Build.0 = Debug|Any CPU
		{5A36015C-97D8-4306-8618-9C96326F6EEB}.Debug|x64.ActiveCfg = Debug|Any CPU
		{5A36015C-97D8-4306-8618-9C96326F6EEB}.Debug|x64.Build.0 = Debug|Any CPU
		{5A36015C-97D8-4306-8618-9C96326F6EEB}.Debug|x86.ActiveCfg = Debug|Any CPU
		{5A36015C-97D8-4306-8618-9C96326F6EEB}.Debug|x86.Build.0 = Debug|Any CPU
		{5A36015C-97D8-4306-8618-9C96326F6EEB}.Release|Any CPU.ActiveCfg = Release|Any CPU
		{5A36015C-97D8-4306-8618-9C96326F6EEB}.Release|Any CPU.Build.0 = Release|Any CPU
		{5A36015C-97D8-4306-8618-9C96326F6EEB}.Release|ARM64.ActiveCfg = Release|Any CPU
		{5A36015C-97D8-4306-8618-9C96326F6EEB}.Release|ARM64.Build.0 = Release|Any CPU
		{5A36015C-97D8-4306-8618-9C96326F6EEB}.Release|x64.ActiveCfg = Release|Any CPU
		{5A36015C-97D8-4306-8618-9C96326F6EEB}.Release|x64.Build.0 = Release|Any CPU
		{5A36015C-97D8-4306-8618-9C96326F6EEB}.Release|x86.ActiveCfg = Release|Any CPU
		{5A36015C-97D8-4306-8618-9C96326F6EEB}.Release|x86.Build.0 = Release|Any CPU
	EndGlobalSection
	GlobalSection(SolutionProperties) = preSolution
		HideSolutionNode = FALSE
	EndGlobalSection
	GlobalSection(ExtensibilityGlobals) = postSolution
		SolutionGuid = {6106AF73-2198-4107-801B-51A3F95DA647}
	EndGlobalSection
EndGlobal
